
Microsoft Visual Studio Solution File, Format Version 12.00
# Visual Studio 15
VisualStudioVersion = 15.0.27004.2009
MinimumVisualStudioVersion = 10.0.40219.1
Project("{FAE04EC0-301F-11D3-BF4B-00C04F79EFBC}") = "Coloured label text", "Coloured label text\Coloured label text.csproj", "{EA5674A6-A3C3-4724-BA9B-2E4F6140CA08}"
EndProject
Global
	GlobalSection(SolutionConfigurationPlatforms) = preSolution
		Debug|Any CPU = Debug|Any CPU
		Release|Any CPU = Release|Any CPU
	EndGlobalSection
	GlobalSection(ProjectConfigurationPlatforms) = postSolution
		{EA5674A6-A3C3-4724-BA9B-2E4F6140CA08}.Debug|Any CPU.ActiveCfg = Debug|Any CPU
		{EA5674A6-A3C3-4724-BA9B-2E4F6140CA08}.Debug|Any CPU.Build.0 = Debug|Any CPU
		{EA5674A6-A3C3-4724-BA9B-2E4F6140CA08}.Release|Any CPU.ActiveCfg = Release|Any CPU
		{EA5674A6-A3C3-4724-BA9B-2E4F6140CA08}.Release|Any CPU.Build.0 = Release|Any CPU
	EndGlobalSection
	GlobalSection(SolutionProperties) = preSolution
		HideSolutionNode = FALSE
	EndGlobalSection
	GlobalSection(ExtensibilityGlobals) = postSolution
		SolutionGuid = {00C81DC8-D3D6-48C2-ABE8-B34CCF4C687A}
	EndGlobalSection
EndGlobal
