
Microsoft Visual Studio Solution File, Format Version 12.00
# Visual Studio 15
VisualStudioVersion = 15.0.27004.2009
MinimumVisualStudioVersion = 10.0.40219.1
Project("{FAE04EC0-301F-11D3-BF4B-00C04F79EFBC}") = "Reverse of entered string using WPF", "Reverse of entered string using WPF\Reverse of entered string using WPF.csproj", "{43CD548B-E286-4CFF-9E7C-ED96D3828964}"
EndProject
Global
	GlobalSection(SolutionConfigurationPlatforms) = preSolution
		Debug|Any CPU = Debug|Any CPU
		Release|Any CPU = Release|Any CPU
	EndGlobalSection
	GlobalSection(ProjectConfigurationPlatforms) = postSolution
		{43CD548B-E286-4CFF-9E7C-ED96D3828964}.Debug|Any CPU.ActiveCfg = Debug|Any CPU
		{43CD548B-E286-4CFF-9E7C-ED96D3828964}.Debug|Any CPU.Build.0 = Debug|Any CPU
		{43CD548B-E286-4CFF-9E7C-ED96D3828964}.Release|Any CPU.ActiveCfg = Release|Any CPU
		{43CD548B-E286-4CFF-9E7C-ED96D3828964}.Release|Any CPU.Build.0 = Release|Any CPU
	EndGlobalSection
	GlobalSection(SolutionProperties) = preSolution
		HideSolutionNode = FALSE
	EndGlobalSection
	GlobalSection(ExtensibilityGlobals) = postSolution
		SolutionGuid = {687F8B67-761A-4137-81FA-FEC9D449E54A}
	EndGlobalSection
EndGlobal
